<?xml version="1.0" encoding="utf-8"?>
<Project ToolsVersion="4.0" xmlns="http://schemas.microsoft.com/developer/msbuild/2003">
  <ItemGroup>
    <CustomBuild Include="..\CMakeLists.txt" />
  </ItemGroup>
  <ItemGroup>
    <Filter Include="Source Files">
      <UniqueIdentifier>{297735C8-D08F-4084-9343-6D6016C6DF73}</UniqueIdentifier>
    </Filter>
    <Filter Include="Header Files">
      <UniqueIdentifier>{54ce9bec-4922-4f3e-8686-4c38b603b9a2}</UniqueIdentifier>
    </Filter>
  </ItemGroup>
  <ItemGroup>
    <ClCompile Include="src\main.cpp">
      <Filter>Source Files</Filter>
    </ClCompile>
    <ClCompile Include="src\DisjointSets.cpp">
      <Filter>Source Files</Filter>
    </ClCompile>
    <ClCompile Include="src\BoundaryComplex.cpp">
      <Filter>Source Files</Filter>
    </ClCompile>
    <ClCompile Include="src\config.cpp">
      <Filter>Source Files</Filter>
    </ClCompile>
  </ItemGroup>
  <ItemGroup>
    <ClInclude Include="src\base.h">
      <Filter>Header Files</Filter>
    </ClInclude>
    <ClInclude Include="src\Vector3D.h">
      <Filter>Header Files</Filter>
    </ClInclude>
    <ClInclude Include="src\DisjointSets.h">
      <Filter>Header Files</Filter>
    </ClInclude>
    <ClInclude Include="src\geometry.h">
      <Filter>Header Files</Filter>
    </ClInclude>
    <ClInclude Include="src\BoundaryComplex.h">
      <Filter>Header Files</Filter>
    </ClInclude>
    <ClInclude Include="src\config.h">
      <Filter>Header Files</Filter>
    </ClInclude>
  </ItemGroup>
  <ItemGroup>
    <None Include="notes.txt" />
  </ItemGroup>
</Project>